PODS:
  - Alamofire (5.10.1)
  - AppAuth (1.7.5):
    - AppAuth/Core (= 1.7.5)
    - AppAuth/ExternalUserAgent (= 1.7.5)
  - AppAuth/Core (1.7.5)
  - AppAuth/ExternalUserAgent (1.7.5):
    - AppAuth/Core
  - BrightFutures (8.2.0)
  - CryptoSwift (1.8.3)
  - DeviceKit (5.5.0)
  - FBAEMKit (17.0.3):
    - FBSDKCoreKit_Basics (= 17.0.3)
  - FBSDKCoreKit (17.0.3):
    - FBAEMKit (= 17.0.3)
    - FBSDKCoreKit_Basics (= 17.0.3)
  - FBSDKCoreKit_Basics (17.0.3)
  - FBSDKLoginKit (17.0.3):
    - FBSDKCoreKit (= 17.0.3)
  - GoogleSignIn (7.1.0):
    - AppAuth (< 2.0, >= 1.7.3)
    - GTMAppAuth (< 5.0, >= 4.1.1)
    - GTMSessionFetcher/Core (~> 3.3)
  - GTMAppAuth (4.1.1):
    - AppAuth/Core (~> 1.7)
    - GTMSessionFetcher/Core (< 4.0, >= 3.3)
  - GTMSessionFetcher/Core (3.5.0)
  - Reach5 (7.1.5):
    - Alamofire (~> 5.8)
    - BrightFutures (~> 8.2.0)
    - CryptoSwift (~> 1.8)
    - DeviceKit (~> 5.1)
  - Reach5Facebook (7.1.1):
    - FBSDKCoreKit (~> 17.0.0)
    - FBSDKLoginKit (~> 17.0.0)
    - Reach5 (~> 7.1.4)
  - Reach5Google (7.1.1):
    - GoogleSignIn (~> 7)
    - Reach5 (~> 7.1.4)

DEPENDENCIES:
  - Reach5 (from `../Reach5.podspec`)
  - Reach5Facebook (from `../../reachfive-ios-facebook/Reach5Facebook.podspec`)
  - Reach5Google (from `../../reachfive-ios-google/Reach5Google.podspec`)

SPEC REPOS:
  trunk:
    - Alamofire
    - AppAuth
    - BrightFutures
    - CryptoSwift
    - DeviceKit
    - FBAEMKit
    - FBSDKCoreKit
    - FBSDKCoreKit_Basics
    - FBSDKLoginKit
    - GoogleSignIn
    - GTMAppAuth
    - GTMSessionFetcher

EXTERNAL SOURCES:
  Reach5:
    :path: "../Reach5.podspec"
  Reach5Facebook:
    :path: "../../reachfive-ios-facebook/Reach5Facebook.podspec"
  Reach5Google:
    :path: "../../reachfive-ios-google/Reach5Google.podspec"

SPEC CHECKSUMS:
  Alamofire: 840d2a1ad82355b536ec6ba5f97e5bfa54600ca3
  AppAuth: 501c04eda8a8d11f179dbe8637b7a91bb7e5d2fa
  BrightFutures: 67e0e8cd974ab9f6c04650cc64153f7adf1ec489
  CryptoSwift: 967f37cea5a3294d9cce358f78861652155be483
  DeviceKit: d83e38ca196a4ebf0cc5f37d6f0316a24b794d5b
  FBAEMKit: 9900b2edd99a2d21629a6277e6166f14c6215799
  FBSDKCoreKit: 0791f8f68a8630931a4c12aa23a56cc021551596
  FBSDKCoreKit_Basics: 46d6b472c0dd0a5a7e972c025033d1c567f54eb4
  FBSDKLoginKit: b4a4eba1d62eb452544411824f41689adabd5bd2
  GoogleSignIn: d4281ab6cf21542b1cfaff85c191f230b399d2db
  GTMAppAuth: f69bd07d68cd3b766125f7e072c45d7340dea0de
  GTMSessionFetcher: 5aea5ba6bd522a239e236100971f10cb71b96ab6
  Reach5: c2789236aac1fe19e98ff6bf037d6e987fc65409
  Reach5Facebook: 63b859b5a1f310ffee705f32e9c12e51fe7788c3
  Reach5Google: 0c0501c23c2745938d4b675b1568c16ba371b810

PODFILE CHECKSUM: d9a60d02a850d62859602414096b80b721aba150

COCOAPODS: 1.16.2
