PODS:
  - BrightFutures (8.2.0)
  - Reach5 (8.2.0)
  - Reach5Future (8.2.0):
    - BrightFutures (~> 8.2.0)
    - Reach5 (~> 8.2.0)

DEPENDENCIES:
  - Reach5 (from `../../reachfive-ios/Reach5.podspec`)
  - Reach5Future (from `../Reach5Future.podspec`)

SPEC REPOS:
  trunk:
    - BrightFutures

EXTERNAL SOURCES:
  Reach5:
    :path: "../../reachfive-ios/Reach5.podspec"
  Reach5Future:
    :path: "../Reach5Future.podspec"

SPEC CHECKSUMS:
  BrightFutures: 67e0e8cd974ab9f6c04650cc64153f7adf1ec489
  Reach5: 285b57c520df338cea7db5fd5a3deba4787e0647
  Reach5Future: d04796501599e08d535a185309a5067438b8b592

PODFILE CHECKSUM: b3bca4ee445e8c95b779f384512f812ea8980dfa

COCOAPODS: 1.16.2
