PODS:
  - Alamofire (5.10.2)
  - AppAuth (1.7.6):
    - AppAuth/Core (= 1.7.6)
    - AppAuth/ExternalUserAgent (= 1.7.6)
  - AppAuth/Core (1.7.6)
  - AppAuth/ExternalUserAgent (1.7.6):
    - AppAuth/Core
  - BrightFutures (8.2.0)
  - CryptoSwift (1.8.4)
  - DeviceKit (5.5.0)
  - FBAEMKit (17.4.0):
    - FBSDKCoreKit_Basics (= 17.4.0)
  - FBSDKCoreKit (17.4.0):
    - FBAEMKit (= 17.4.0)
    - FBSDKCoreKit_Basics (= 17.4.0)
  - FBSDKCoreKit_Basics (17.4.0)
  - FBSDKLoginKit (17.4.0):
    - FBSDKCoreKit (= 17.4.0)
  - GoogleSignIn (7.1.0):
    - AppAuth (< 2.0, >= 1.7.3)
    - GTMAppAuth (< 5.0, >= 4.1.1)
    - GTMSessionFetcher/Core (~> 3.3)
  - GTMAppAuth (4.1.1):
    - AppAuth/Core (~> 1.7)
    - GTMSessionFetcher/Core (< 4.0, >= 3.3)
  - GTMSessionFetcher/Core (3.5.0)
  - Reach5 (8.0.0):
    - Alamofire (~> 5.8)
    - BrightFutures (~> 8.2.0)
    - CryptoSwift (~> 1.8)
    - DeviceKit (~> 5.1)
  - Reach5Facebook (7.2.1):
    - FBSDKCoreKit (~> 17.4.0)
    - FBSDKLoginKit (~> 17.4.0)
    - Reach5 (>= 7.1.5)
  - Reach5Google (7.1.2):
    - GoogleSignIn (~> 7)
    - Reach5 (>= 7.1.4)

DEPENDENCIES:
  - Reach5 (from `../Reach5.podspec`)
  - Reach5Facebook (from `../../reachfive-ios-facebook/Reach5Facebook.podspec`)
  - Reach5Google (from `../../reachfive-ios-google/Reach5Google.podspec`)

SPEC REPOS:
  trunk:
    - Alamofire
    - AppAuth
    - BrightFutures
    - CryptoSwift
    - DeviceKit
    - FBAEMKit
    - FBSDKCoreKit
    - FBSDKCoreKit_Basics
    - FBSDKLoginKit
    - GoogleSignIn
    - GTMAppAuth
    - GTMSessionFetcher

EXTERNAL SOURCES:
  Reach5:
    :path: "../Reach5.podspec"
  Reach5Facebook:
    :path: "../../reachfive-ios-facebook/Reach5Facebook.podspec"
  Reach5Google:
    :path: "../../reachfive-ios-google/Reach5Google.podspec"

SPEC CHECKSUMS:
  Alamofire: 7193b3b92c74a07f85569e1a6c4f4237291e7496
  AppAuth: d4f13a8fe0baf391b2108511793e4b479691fb73
  BrightFutures: 67e0e8cd974ab9f6c04650cc64153f7adf1ec489
  CryptoSwift: e64e11850ede528a02a0f3e768cec8e9d92ecb90
  DeviceKit: d83e38ca196a4ebf0cc5f37d6f0316a24b794d5b
  FBAEMKit: 58cb5f302cdd715a56d4c1d0dfdd2e423ac1421a
  FBSDKCoreKit: 94d7461d0cecf441b1ba7c41acfff41daa8ccd41
  FBSDKCoreKit_Basics: 151b43db8b834d3f0e02f95d36a44ffd36265e45
  FBSDKLoginKit: 5c1cd53c91a2282b3a4fe6e6d3dcf2b8b0d33d55
  GoogleSignIn: d4281ab6cf21542b1cfaff85c191f230b399d2db
  GTMAppAuth: f69bd07d68cd3b766125f7e072c45d7340dea0de
  GTMSessionFetcher: 5aea5ba6bd522a239e236100971f10cb71b96ab6
  Reach5: 749527841fbec06fb7e5541e4be2b449c94ff1b8
  Reach5Facebook: e2fb8769d2206e4d799ff25c1a0f6a722bbe1e53
  Reach5Google: 163f813835d2a52c213f09ac7fa3777281862797

PODFILE CHECKSUM: d9a60d02a850d62859602414096b80b721aba150

COCOAPODS: 1.15.2
