{
  "originHash" : "2ef014ee4777e8795415d1cbed0dd35512df50f908c46679046db33b5d6c09d2",
  "pins" : [
    {
      "identity" : "brightfutures",
      "kind" : "remoteSourceControl",
      "location" : "https://github.com/Thomvis/BrightFutures.git",
      "state" : {
        "revision" : "fa66fa183dce7196d431244d0215748cd14c5758",
        "version" : "8.2.0"
      }
    },
    {
      "identity" : "reachfive-ios",
      "kind" : "remoteSourceControl",
      "location" : "https://github.com/ReachFive/reachfive-ios",
      "state" : {
        "revision" : "6a328035e939101329786757af2f2130f80a8cb1",
        "version" : "11.0.0"
      }
    }
  ],
  "version" : 3
}
