{
  "originHash" : "0bdd184a4a82103d87166c61c30374d96f162dedf204c7794cbc66c3731f7c26",
  "pins" : [
    {
      "identity" : "brightfutures",
      "kind" : "remoteSourceControl",
      "location" : "https://github.com/Thomvis/BrightFutures.git",
      "state" : {
        "revision" : "fa66fa183dce7196d431244d0215748cd14c5758",
        "version" : "8.2.0"
      }
    },
    {
      "identity" : "reachfive-ios",
      "kind" : "remoteSourceControl",
      "location" : "https://github.com/ReachFive/reachfive-ios",
      "state" : {
        "revision" : "54d0c278a622eb603453dd2e9c2b4e5eebf71457",
        "version" : "10.0.0"
      }
    }
  ],
  "version" : 3
}
