PODS:
  - BrightFutures (8.2.0)
  - Reach5Future (8.2.0):
    - BrightFutures (~> 8.2.0)

DEPENDENCIES:
  - Reach5Future (from `../`)

SPEC REPOS:
  trunk:
    - BrightFutures

EXTERNAL SOURCES:
  Reach5Future:
    :path: "../"

SPEC CHECKSUMS:
  BrightFutures: 67e0e8cd974ab9f6c04650cc64153f7adf1ec489
  Reach5Future: f6856c76aa2530957fdb9cbc31a60037465de967

PODFILE CHECKSUM: 54a08b195b2ebae54160bb176205b6c6f5d99291

COCOAPODS: 1.16.2
