PODS:
  - Alamofire (5.10.1)
  - BrightFutures (8.2.0)
  - CryptoSwift (1.8.3)
  - DeviceKit (5.5.0)
  - Reach5 (7.1.4):
    - Alamofire (~> 5.8)
    - BrightFutures (~> 8.2.0)
    - CryptoSwift (~> 1.8)
    - DeviceKit (~> 5.1)

DEPENDENCIES:
  - Reach5 (from `../`)

SPEC REPOS:
  trunk:
    - Alamofire
    - BrightFutures
    - CryptoSwift
    - DeviceKit

EXTERNAL SOURCES:
  Reach5:
    :path: "../"

SPEC CHECKSUMS:
  Alamofire: 840d2a1ad82355b536ec6ba5f97e5bfa54600ca3
  BrightFutures: 67e0e8cd974ab9f6c04650cc64153f7adf1ec489
  CryptoSwift: 967f37cea5a3294d9cce358f78861652155be483
  DeviceKit: d83e38ca196a4ebf0cc5f37d6f0316a24b794d5b
  Reach5: 007fa51c364e6d2cc4381192284fa9f01fa86dfe

PODFILE CHECKSUM: 9a44ddf91ef9134960bddf8567626a150b34c6e4

COCOAPODS: 1.16.2
